PODS:
  - LRNotificationObserver (0.1.2)
  - ObjcAssociatedObjectHelpers (1.2.1)

DEPENDENCIES:
  - LRNotificationObserver
  - ObjcAssociatedObjectHelpers (~> 1.2.0)

SPEC CHECKSUMS:
  LRNotificationObserver: 696c23f223a03c9b3279ca9a5437a03bb98d6866
  ObjcAssociatedObjectHelpers: d55d2e18f1b51764577723cf4b94cf05c1838534

PODFILE CHECKSUM: 33ddb6c72d9c18b7bdde8808872e6ceb65ae8aee

COCOAPODS: 1.0.1
